
Microsoft Visual Studio Solution File, Format Version 12.00
# Visual Studio 15
VisualStudioVersion = 15.0.27004.2002
MinimumVisualStudioVersion = 10.0.40219.1
Project("{FAE04EC0-301F-11D3-BF4B-00C04F79EFBC}") = "functions_task1", "functions_task1\functions_task1.csproj", "{CF4FC133-1EA5-4B76-8CA7-3C2ED7A4700C}"
EndProject
Global
	GlobalSection(SolutionConfigurationPlatforms) = preSolution
		Debug|Any CPU = Debug|Any CPU
		Release|Any CPU = Release|Any CPU
	EndGlobalSection
	GlobalSection(ProjectConfigurationPlatforms) = postSolution
		{CF4FC133-1EA5-4B76-8CA7-3C2ED7A4700C}.Debug|Any CPU.ActiveCfg = Debug|Any CPU
		{CF4FC133-1EA5-4B76-8CA7-3C2ED7A4700C}.Debug|Any CPU.Build.0 = Debug|Any CPU
		{CF4FC133-1EA5-4B76-8CA7-3C2ED7A4700C}.Release|Any CPU.ActiveCfg = Release|Any CPU
		{CF4FC133-1EA5-4B76-8CA7-3C2ED7A4700C}.Release|Any CPU.Build.0 = Release|Any CPU
	EndGlobalSection
	GlobalSection(SolutionProperties) = preSolution
		HideSolutionNode = FALSE
	EndGlobalSection
	GlobalSection(ExtensibilityGlobals) = postSolution
		SolutionGuid = {900BB4BF-C0F3-4043-AF5A-BCA8E3AD6F31}
	EndGlobalSection
EndGlobal
